
Microsoft Visual Studio Solution File, Format Version 12.00
# Visual Studio Version 17
VisualStudioVersion = 17.5.002.0
MinimumVisualStudioVersion = 10.0.40219.1
Project("{2150E333-8FDC-42A3-9474-1A3956D46DE8}") = "csharp-prep", "csharp-prep", "{483243C1-F12B-419E-95B3-9A07942215C6}"
EndProject
Project("{9A19103F-16F7-4668-BE54-9A1E7A4F7556}") = "Prep1", "csharp-prep\Prep1\Prep1.csproj", "{7F7F10D7-A7BC-4FA8-AA63-26A590A97E2B}"
EndProject
Project("{9A19103F-16F7-4668-BE54-9A1E7A4F7556}") = "Prep2", "csharp-prep\Prep2\Prep2.csproj", "{7AAC7B29-30FF-49B7-988F-B0913977DFFD}"
EndProject
Project("{9A19103F-16F7-4668-BE54-9A1E7A4F7556}") = "Prep3", "csharp-prep\Prep3\Prep3.csproj", "{A641C5BD-7385-44C9-80BA-E04AF1C72074}"
EndProject
Project("{9A19103F-16F7-4668-BE54-9A1E7A4F7556}") = "Prep4", "csharp-prep\Prep4\Prep4.csproj", "{5782F728-B903-4967-AF76-762F9C418772}"
EndProject
Project("{9A19103F-16F7-4668-BE54-9A1E7A4F7556}") = "Prep5", "csharp-prep\Prep5\Prep5.csproj", "{9FC54DFD-E998-4A92-85C8-C4CC8ADA01BF}"
EndProject
Project("{2150E333-8FDC-42A3-9474-1A3956D46DE8}") = "final", "final", "{BDCF41D3-8595-48FC-8CE2-EDD989387359}"
EndProject
Project("{9A19103F-16F7-4668-BE54-9A1E7A4F7556}") = "FinalProject", "final\FinalProject\FinalProject.csproj", "{E8954F79-C1EE-43C7-AFB4-214A66FDBA60}"
EndProject
Project("{9A19103F-16F7-4668-BE54-9A1E7A4F7556}") = "Foundation1", "final\Foundation1\Foundation1.csproj", "{1B2E5B45-C9C9-4EF3-AB86-6C26F5A29F0D}"
EndProject
Project("{9A19103F-16F7-4668-BE54-9A1E7A4F7556}") = "Foundation2", "final\Foundation2\Foundation2.csproj", "{CF36AA84-9DB7-4002-9FF4-C3BEE393E30E}"
EndProject
Project("{9A19103F-16F7-4668-BE54-9A1E7A4F7556}") = "Foundation3", "final\Foundation3\Foundation3.csproj", "{995B195D-4CDB-4169-B81D-0AB420A15272}"
EndProject
Project("{9A19103F-16F7-4668-BE54-9A1E7A4F7556}") = "Foundation4", "final\Foundation4\Foundation4.csproj", "{CB2551A0-515C-4B13-B0BD-8427AB7B8D1E}"
EndProject
Project("{2150E333-8FDC-42A3-9474-1A3956D46DE8}") = "prepare", "prepare", "{A912C8A9-9B21-4BB1-A6A7-D0E4B0876963}"
EndProject
Project("{9A19103F-16F7-4668-BE54-9A1E7A4F7556}") = "Learning02", "prepare\Learning02\Learning02.csproj", "{5E98CC85-14A9-4DE4-A65D-9353E7FFBC31}"
EndProject
Project("{9A19103F-16F7-4668-BE54-9A1E7A4F7556}") = "Learning03", "prepare\Learning03\Learning03.csproj", "{5750196E-5C67-44F1-AB24-A3F69B84524D}"
EndProject
Project("{9A19103F-16F7-4668-BE54-9A1E7A4F7556}") = "Learning04", "prepare\Learning04\Learning04.csproj", "{67F51D9B-CA2B-4BE2-ACCE-1906BD353FB8}"
EndProject
Project("{9A19103F-16F7-4668-BE54-9A1E7A4F7556}") = "Learning05", "prepare\Learning05\Learning05.csproj", "{510EAA30-B706-4057-8B93-60DE199328E3}"
EndProject
Project("{2150E333-8FDC-42A3-9474-1A3956D46DE8}") = "prove", "prove", "{AF2A5208-6AF5-45DC-B333-312372C40108}"
EndProject
Project("{9A19103F-16F7-4668-BE54-9A1E7A4F7556}") = "Develop02", "prove\Develop02\Develop02.csproj", "{9AC658D9-42DC-4A8F-B528-2163566D3767}"
EndProject
Project("{9A19103F-16F7-4668-BE54-9A1E7A4F7556}") = "Develop03", "prove\Develop03\Develop03.csproj", "{46018590-3A1E-4771-AD8E-08DBDC0C07A3}"
EndProject
Project("{9A19103F-16F7-4668-BE54-9A1E7A4F7556}") = "Develop04", "prove\Develop04\Develop04.csproj", "{32C91390-A12A-4F5B-A6A3-C5E8ADE638E0}"
EndProject
Project("{9A19103F-16F7-4668-BE54-9A1E7A4F7556}") = "Develop05", "prove\Develop05\Develop05.csproj", "{F744F5A7-A979-4415-BA93-E984C1EDBB41}"
EndProject
Project("{2150E333-8FDC-42A3-9474-1A3956D46DE8}") = "sandbox", "sandbox", "{8B5A37A3-5647-406A-A83C-F084962CB9F0}"
EndProject
Project("{9A19103F-16F7-4668-BE54-9A1E7A4F7556}") = "Sandbox", "sandbox\Sandbox\Sandbox.csproj", "{FF8B5D12-EECE-43DA-96EE-34AF5F108872}"
EndProject
Global
	GlobalSection(SolutionConfigurationPlatforms) = preSolution
		Debug|Any CPU = Debug|Any CPU
		Release|Any CPU = Release|Any CPU
	EndGlobalSection
	GlobalSection(ProjectConfigurationPlatforms) = postSolution
		{7F7F10D7-A7BC-4FA8-AA63-26A590A97E2B}.Debug|Any CPU.ActiveCfg = Debug|Any CPU
		{7F7F10D7-A7BC-4FA8-AA63-26A590A97E2B}.Debug|Any CPU.Build.0 = Debug|Any CPU
		{7F7F10D7-A7BC-4FA8-AA63-26A590A97E2B}.Release|Any CPU.ActiveCfg = Release|Any CPU
		{7F7F10D7-A7BC-4FA8-AA63-26A590A97E2B}.Release|Any CPU.Build.0 = Release|Any CPU
		{7AAC7B29-30FF-49B7-988F-B0913977DFFD}.Debug|Any CPU.ActiveCfg = Debug|Any CPU
		{7AAC7B29-30FF-49B7-988F-B0913977DFFD}.Debug|Any CPU.Build.0 = Debug|Any CPU
		{7AAC7B29-30FF-49B7-988F-B0913977DFFD}.Release|Any CPU.ActiveCfg = Release|Any CPU
		{7AAC7B29-30FF-49B7-988F-B0913977DFFD}.Release|Any CPU.Build.0 = Release|Any CPU
		{A641C5BD-7385-44C9-80BA-E04AF1C72074}.Debug|Any CPU.ActiveCfg = Debug|Any CPU
		{A641C5BD-7385-44C9-80BA-E04AF1C72074}.Debug|Any CPU.Build.0 = Debug|Any CPU
		{A641C5BD-7385-44C9-80BA-E04AF1C72074}.Release|Any CPU.ActiveCfg = Release|Any CPU
		{A641C5BD-7385-44C9-80BA-E04AF1C72074}.Release|Any CPU.Build.0 = Release|Any CPU
		{5782F728-B903-4967-AF76-762F9C418772}.Debug|Any CPU.ActiveCfg = Debug|Any CPU
		{5782F728-B903-4967-AF76-762F9C418772}.Debug|Any CPU.Build.0 = Debug|Any CPU
		{5782F728-B903-4967-AF76-762F9C418772}.Release|Any CPU.ActiveCfg = Release|Any CPU
		{5782F728-B903-4967-AF76-762F9C418772}.Release|Any CPU.Build.0 = Release|Any CPU
		{9FC54DFD-E998-4A92-85C8-C4CC8ADA01BF}.Debug|Any CPU.ActiveCfg = Debug|Any CPU
		{9FC54DFD-E998-4A92-85C8-C4CC8ADA01BF}.Debug|Any CPU.Build.0 = Debug|Any CPU
		{9FC54DFD-E998-4A92-85C8-C4CC8ADA01BF}.Release|Any CPU.ActiveCfg = Release|Any CPU
		{9FC54DFD-E998-4A92-85C8-C4CC8ADA01BF}.Release|Any CPU.Build.0 = Release|Any CPU
		{E8954F79-C1EE-43C7-AFB4-214A66FDBA60}.Debug|Any CPU.ActiveCfg = Debug|Any CPU
		{E8954F79-C1EE-43C7-AFB4-214A66FDBA60}.Debug|Any CPU.Build.0 = Debug|Any CPU
		{E8954F79-C1EE-43C7-AFB4-214A66FDBA60}.Release|Any CPU.ActiveCfg = Release|Any CPU
		{E8954F79-C1EE-43C7-AFB4-214A66FDBA60}.Release|Any CPU.Build.0 = Release|Any CPU
		{1B2E5B45-C9C9-4EF3-AB86-6C26F5A29F0D}.Debug|Any CPU.ActiveCfg = Debug|Any CPU
		{1B2E5B45-C9C9-4EF3-AB86-6C26F5A29F0D}.Debug|Any CPU.Build.0 = Debug|Any CPU
		{1B2E5B45-C9C9-4EF3-AB86-6C26F5A29F0D}.Release|Any CPU.ActiveCfg = Release|Any CPU
		{1B2E5B45-C9C9-4EF3-AB86-6C26F5A29F0D}.Release|Any CPU.Build.0 = Release|Any CPU
		{CF36AA84-9DB7-4002-9FF4-C3BEE393E30E}.Debug|Any CPU.ActiveCfg = Debug|Any CPU
		{CF36AA84-9DB7-4002-9FF4-C3BEE393E30E}.Debug|Any CPU.Build.0 = Debug|Any CPU
		{CF36AA84-9DB7-4002-9FF4-C3BEE393E30E}.Release|Any CPU.ActiveCfg = Release|Any CPU
		{CF36AA84-9DB7-4002-9FF4-C3BEE393E30E}.Release|Any CPU.Build.0 = Release|Any CPU
		{995B195D-4CDB-4169-B81D-0AB420A15272}.Debug|Any CPU.ActiveCfg = Debug|Any CPU
		{995B195D-4CDB-4169-B81D-0AB420A15272}.Debug|Any CPU.Build.0 = Debug|Any CPU
		{995B195D-4CDB-4169-B81D-0AB420A15272}.Release|Any CPU.ActiveCfg = Release|Any CPU
		{995B195D-4CDB-4169-B81D-0AB420A15272}.Release|Any CPU.Build.0 = Release|Any CPU
		{CB2551A0-515C-4B13-B0BD-8427AB7B8D1E}.Debug|Any CPU.ActiveCfg = Debug|Any CPU
		{CB2551A0-515C-4B13-B0BD-8427AB7B8D1E}.Debug|Any CPU.Build.0 = Debug|Any CPU
		{CB2551A0-515C-4B13-B0BD-8427AB7B8D1E}.Release|Any CPU.ActiveCfg = Release|Any CPU
		{CB2551A0-515C-4B13-B0BD-8427AB7B8D1E}.Release|Any CPU.Build.0 = Release|Any CPU
		{5E98CC85-14A9-4DE4-A65D-9353E7FFBC31}.Debug|Any CPU.ActiveCfg = Debug|Any CPU
		{5E98CC85-14A9-4DE4-A65D-9353E7FFBC31}.Debug|Any CPU.Build.0 = Debug|Any CPU
		{5E98CC85-14A9-4DE4-A65D-9353E7FFBC31}.Release|Any CPU.ActiveCfg = Release|Any CPU
		{5E98CC85-14A9-4DE4-A65D-9353E7FFBC31}.Release|Any CPU.Build.0 = Release|Any CPU
		{5750196E-5C67-44F1-AB24-A3F69B84524D}.Debug|Any CPU.ActiveCfg = Debug|Any CPU
		{5750196E-5C67-44F1-AB24-A3F69B84524D}.Debug|Any CPU.Build.0 = Debug|Any CPU
		{5750196E-5C67-44F1-AB24-A3F69B84524D}.Release|Any CPU.ActiveCfg = Release|Any CPU
		{5750196E-5C67-44F1-AB24-A3F69B84524D}.Release|Any CPU.Build.0 = Release|Any CPU
		{67F51D9B-CA2B-4BE2-ACCE-1906BD353FB8}.Debug|Any CPU.ActiveCfg = Debug|Any CPU
		{67F51D9B-CA2B-4BE2-ACCE-1906BD353FB8}.Debug|Any CPU.Build.0 = Debug|Any CPU
		{67F51D9B-CA2B-4BE2-ACCE-1906BD353FB8}.Release|Any CPU.ActiveCfg = Release|Any CPU
		{67F51D9B-CA2B-4BE2-ACCE-1906BD353FB8}.Release|Any CPU.Build.0 = Release|Any CPU
		{510EAA30-B706-4057-8B93-60DE199328E3}.Debug|Any CPU.ActiveCfg = Debug|Any CPU
		{510EAA30-B706-4057-8B93-60DE199328E3}.Debug|Any CPU.Build.0 = Debug|Any CPU
		{510EAA30-B706-4057-8B93-60DE199328E3}.Release|Any CPU.ActiveCfg = Release|Any CPU
		{510EAA30-B706-4057-8B93-60DE199328E3}.Release|Any CPU.Build.0 = Release|Any CPU
		{9AC658D9-42DC-4A8F-B528-2163566D3767}.Debug|Any CPU.ActiveCfg = Debug|Any CPU
		{9AC658D9-42DC-4A8F-B528-2163566D3767}.Debug|Any CPU.Build.0 = Debug|Any CPU
		{9AC658D9-42DC-4A8F-B528-2163566D3767}.Release|Any CPU.ActiveCfg = Release|Any CPU
		{9AC658D9-42DC-4A8F-B528-2163566D3767}.Release|Any CPU.Build.0 = Release|Any CPU
		{46018590-3A1E-4771-AD8E-08DBDC0C07A3}.Debug|Any CPU.ActiveCfg = Debug|Any CPU
		{46018590-3A1E-4771-AD8E-08DBDC0C07A3}.Debug|Any CPU.Build.0 = Debug|Any CPU
		{46018590-3A1E-4771-AD8E-08DBDC0C07A3}.Release|Any CPU.ActiveCfg = Release|Any CPU
		{46018590-3A1E-4771-AD8E-08DBDC0C07A3}.Release|Any CPU.Build.0 = Release|Any CPU
		{32C91390-A12A-4F5B-A6A3-C5E8ADE638E0}.Debug|Any CPU.ActiveCfg = Debug|Any CPU
		{32C91390-A12A-4F5B-A6A3-C5E8ADE638E0}.Debug|Any CPU.Build.0 = Debug|Any CPU
		{32C91390-A12A-4F5B-A6A3-C5E8ADE638E0}.Release|Any CPU.ActiveCfg = Release|Any CPU
		{32C91390-A12A-4F5B-A6A3-C5E8ADE638E0}.Release|Any CPU.Build.0 = Release|Any CPU
		{F744F5A7-A979-4415-BA93-E984C1EDBB41}.Debug|Any CPU.ActiveCfg = Debug|Any CPU
		{F744F5A7-A979-4415-BA93-E984C1EDBB41}.Debug|Any CPU.Build.0 = Debug|Any CPU
		{F744F5A7-A979-4415-BA93-E984C1EDBB41}.Release|Any CPU.ActiveCfg = Release|Any CPU
		{F744F5A7-A979-4415-BA93-E984C1EDBB41}.Release|Any CPU.Build.0 = Release|Any CPU
		{FF8B5D12-EECE-43DA-96EE-34AF5F108872}.Debug|Any CPU.ActiveCfg = Debug|Any CPU
		{FF8B5D12-EECE-43DA-96EE-34AF5F108872}.Debug|Any CPU.Build.0 = Debug|Any CPU
		{FF8B5D12-EECE-43DA-96EE-34AF5F108872}.Release|Any CPU.ActiveCfg = Release|Any CPU
		{FF8B5D12-EECE-43DA-96EE-34AF5F108872}.Release|Any CPU.Build.0 = Release|Any CPU
	EndGlobalSection
	GlobalSection(SolutionProperties) = preSolution
		HideSolutionNode = FALSE
	EndGlobalSection
	GlobalSection(NestedProjects) = preSolution
		{7F7F10D7-A7BC-4FA8-AA63-26A590A97E2B} = {483243C1-F12B-419E-95B3-9A07942215C6}
		{7AAC7B29-30FF-49B7-988F-B0913977DFFD} = {483243C1-F12B-419E-95B3-9A07942215C6}
		{A641C5BD-7385-44C9-80BA-E04AF1C72074} = {483243C1-F12B-419E-95B3-9A07942215C6}
		{5782F728-B903-4967-AF76-762F9C418772} = {483243C1-F12B-419E-95B3-9A07942215C6}
		{9FC54DFD-E998-4A92-85C8-C4CC8ADA01BF} = {483243C1-F12B-419E-95B3-9A07942215C6}
		{E8954F79-C1EE-43C7-AFB4-214A66FDBA60} = {BDCF41D3-8595-48FC-8CE2-EDD989387359}
		{1B2E5B45-C9C9-4EF3-AB86-6C26F5A29F0D} = {BDCF41D3-8595-48FC-8CE2-EDD989387359}
		{CF36AA84-9DB7-4002-9FF4-C3BEE393E30E} = {BDCF41D3-8595-48FC-8CE2-EDD989387359}
		{995B195D-4CDB-4169-B81D-0AB420A15272} = {BDCF41D3-8595-48FC-8CE2-EDD989387359}
		{CB2551A0-515C-4B13-B0BD-8427AB7B8D1E} = {BDCF41D3-8595-48FC-8CE2-EDD989387359}
		{5E98CC85-14A9-4DE4-A65D-9353E7FFBC31} = {A912C8A9-9B21-4BB1-A6A7-D0E4B0876963}
		{5750196E-5C67-44F1-AB24-A3F69B84524D} = {A912C8A9-9B21-4BB1-A6A7-D0E4B0876963}
		{67F51D9B-CA2B-4BE2-ACCE-1906BD353FB8} = {A912C8A9-9B21-4BB1-A6A7-D0E4B0876963}
		{510EAA30-B706-4057-8B93-60DE199328E3} = {A912C8A9-9B21-4BB1-A6A7-D0E4B0876963}
		{9AC658D9-42DC-4A8F-B528-2163566D3767} = {AF2A5208-6AF5-45DC-B333-312372C40108}
		{46018590-3A1E-4771-AD8E-08DBDC0C07A3} = {AF2A5208-6AF5-45DC-B333-312372C40108}
		{32C91390-A12A-4F5B-A6A3-C5E8ADE638E0} = {AF2A5208-6AF5-45DC-B333-312372C40108}
		{F744F5A7-A979-4415-BA93-E984C1EDBB41} = {AF2A5208-6AF5-45DC-B333-312372C40108}
		{FF8B5D12-EECE-43DA-96EE-34AF5F108872} = {8B5A37A3-5647-406A-A83C-F084962CB9F0}
	EndGlobalSection
	GlobalSection(ExtensibilityGlobals) = postSolution
		SolutionGuid = {98EBA0DB-A213-45C8-995D-5EF6E1F020FC}
	EndGlobalSection
EndGlobal
